
Microsoft Visual Studio Solution File, Format Version 12.00
# Visual Studio 15
VisualStudioVersion = 15.0.27130.2036
MinimumVisualStudioVersion = 10.0.40219.1
Project("{FAE04EC0-301F-11D3-BF4B-00C04F79EFBC}") = "AndroidAppExplore", "AndroidAppExplore\AndroidAppExplore.csproj", "{AEBBC7F4-45DE-4BE6-9AE0-FFDC78B9945C}"
EndProject
Global
	GlobalSection(SolutionConfigurationPlatforms) = preSolution
		Debug|Any CPU = Debug|Any CPU
		Release|Any CPU = Release|Any CPU
	EndGlobalSection
	GlobalSection(ProjectConfigurationPlatforms) = postSolution
		{AEBBC7F4-45DE-4BE6-9AE0-FFDC78B9945C}.Debug|Any CPU.ActiveCfg = Debug|Any CPU
		{AEBBC7F4-45DE-4BE6-9AE0-FFDC78B9945C}.Debug|Any CPU.Build.0 = Debug|Any CPU
		{AEBBC7F4-45DE-4BE6-9AE0-FFDC78B9945C}.Debug|Any CPU.Deploy.0 = Debug|Any CPU
		{AEBBC7F4-45DE-4BE6-9AE0-FFDC78B9945C}.Release|Any CPU.ActiveCfg = Release|Any CPU
		{AEBBC7F4-45DE-4BE6-9AE0-FFDC78B9945C}.Release|Any CPU.Build.0 = Release|Any CPU
		{AEBBC7F4-45DE-4BE6-9AE0-FFDC78B9945C}.Release|Any CPU.Deploy.0 = Release|Any CPU
	EndGlobalSection
	GlobalSection(SolutionProperties) = preSolution
		HideSolutionNode = FALSE
	EndGlobalSection
	GlobalSection(ExtensibilityGlobals) = postSolution
		SolutionGuid = {4692C7F5-9F5B-429C-95B3-DD581A254538}
	EndGlobalSection
EndGlobal
